// !$*UTF8*$!
{
	archiveVersion = 1;
	classes = {
	};
	objectVersion = 56;
	objects = {

/* Begin PBXBuildFile section */
		18074DFF28A7E27E00FDA40A /* UserInteractionViewController.swift in Sources */ = {isa = PBXBuildFile; fileRef = 18074DFE28A7E27E00FDA40A /* UserInteractionViewController.swift */; };
		18330EAF289E22D200549E96 /* AppDelegate.swift in Sources */ = {isa = PBXBuildFile; fileRef = 18330EAE289E22D200549E96 /* AppDelegate.swift */; };
		18330EB1289E22D200549E96 /* SceneDelegate.swift in Sources */ = {isa = PBXBuildFile; fileRef = 18330EB0289E22D200549E96 /* SceneDelegate.swift */; };
		18330EB6289E22D200549E96 /* Main.storyboard in Resources */ = {isa = PBXBuildFile; fileRef = 18330EB4289E22D200549E96 /* Main.storyboard */; };
		18330EB8289E22D700549E96 /* Assets.xcassets in Resources */ = {isa = PBXBuildFile; fileRef = 18330EB7289E22D700549E96 /* Assets.xcassets */; };
		18330EBB289E22D700549E96 /* LaunchScreen.storyboard in Resources */ = {isa = PBXBuildFile; fileRef = 18330EB9289E22D700549E96 /* LaunchScreen.storyboard */; };
		18330EC5289E251300549E96 /* SwiftUICustomCellViewController.swift in Sources */ = {isa = PBXBuildFile; fileRef = 18330EC4289E251300549E96 /* SwiftUICustomCellViewController.swift */; };
		18330EC7289E26FB00549E96 /* Model.swift in Sources */ = {isa = PBXBuildFile; fileRef = 18330EC6289E26FB00549E96 /* Model.swift */; };
		18330EC9289E3A9400549E96 /* MyFirstSwiftUICell.swift in Sources */ = {isa = PBXBuildFile; fileRef = 18330EC8289E3A9400549E96 /* MyFirstSwiftUICell.swift */; };
		187F7A8028AA7FCD00A053CF /* UserInteractionCell.swift in Sources */ = {isa = PBXBuildFile; fileRef = 187F7A7F28AA7FCC00A053CF /* UserInteractionCell.swift */; };
		18ABA49C28C6210400177E59 /* TodoListViewController.swift in Sources */ = {isa = PBXBuildFile; fileRef = 18ABA49B28C6210400177E59 /* TodoListViewController.swift */; };
		18ABA49E28C6211C00177E59 /* TodoListCell.swift in Sources */ = {isa = PBXBuildFile; fileRef = 18ABA49D28C6211C00177E59 /* TodoListCell.swift */; };
/* End PBXBuildFile section */

/* Begin PBXFileReference section */
		18074DFE28A7E27E00FDA40A /* UserInteractionViewController.swift */ = {isa = PBXFileReference; lastKnownFileType = sourcecode.swift; path = UserInteractionViewController.swift; sourceTree = "<group>"; };
		18330EAB289E22D200549E96 /* Swift-Senpai-UICollectionView-SwiftUI.app */ = {isa = PBXFileReference; explicitFileType = wrapper.application; includeInIndex = 0; path = "Swift-Senpai-UICollectionView-SwiftUI.app"; sourceTree = BUILT_PRODUCTS_DIR; };
		18330EAE289E22D200549E96 /* AppDelegate.swift */ = {isa = PBXFileReference; lastKnownFileType = sourcecode.swift; path = AppDelegate.swift; sourceTree = "<group>"; };
		18330EB0289E22D200549E96 /* SceneDelegate.swift */ = {isa = PBXFileReference; lastKnownFileType = sourcecode.swift; path = SceneDelegate.swift; sourceTree = "<group>"; };
		18330EB5289E22D200549E96 /* Base */ = {isa = PBXFileReference; lastKnownFileType = file.storyboard; name = Base; path = Base.lproj/Main.storyboard; sourceTree = "<group>"; };
		18330EB7289E22D700549E96 /* Assets.xcassets */ = {isa = PBXFileReference; lastKnownFileType = folder.assetcatalog; path = Assets.xcassets; sourceTree = "<group>"; };
		18330EBA289E22D700549E96 /* Base */ = {isa = PBXFileReference; lastKnownFileType = file.storyboard; name = Base; path = Base.lproj/LaunchScreen.storyboard; sourceTree = "<group>"; };
		18330EBC289E22D700549E96 /* Info.plist */ = {isa = PBXFileReference; lastKnownFileType = text.plist.xml; path = Info.plist; sourceTree = "<group>"; };
		18330EC4289E251300549E96 /* SwiftUICustomCellViewController.swift */ = {isa = PBXFileReference; lastKnownFileType = sourcecode.swift; path = SwiftUICustomCellViewController.swift; sourceTree = "<group>"; };
		18330EC6289E26FB00549E96 /* Model.swift */ = {isa = PBXFileReference; fileEncoding = 4; lastKnownFileType = sourcecode.swift; path = Model.swift; sourceTree = "<group>"; };
		18330EC8289E3A9400549E96 /* MyFirstSwiftUICell.swift */ = {isa = PBXFileReference; lastKnownFileType = sourcecode.swift; path = MyFirstSwiftUICell.swift; sourceTree = "<group>"; };
		187F7A7F28AA7FCC00A053CF /* UserInteractionCell.swift */ = {isa = PBXFileReference; lastKnownFileType = sourcecode.swift; path = UserInteractionCell.swift; sourceTree = "<group>"; };
		18ABA49B28C6210400177E59 /* TodoListViewController.swift */ = {isa = PBXFileReference; lastKnownFileType = sourcecode.swift; path = TodoListViewController.swift; sourceTree = "<group>"; };
		18ABA49D28C6211C00177E59 /* TodoListCell.swift */ = {isa = PBXFileReference; lastKnownFileType = sourcecode.swift; path = TodoListCell.swift; sourceTree = "<group>"; };
/* End PBXFileReference section */

/* Begin PBXFrameworksBuildPhase section */
		18330EA8289E22D200549E96 /* Frameworks */ = {
			isa = PBXFrameworksBuildPhase;
			buildActionMask = 2147483647;
			files = (
			);
			runOnlyForDeploymentPostprocessing = 0;
		};
/* End PBXFrameworksBuildPhase section */

/* Begin PBXGroup section */
		18074DFD28A7E25200FDA40A /* Handle User Interactions */ = {
			isa = PBXGroup;
			children = (
				18074DFE28A7E27E00FDA40A /* UserInteractionViewController.swift */,
				187F7A7F28AA7FCC00A053CF /* UserInteractionCell.swift */,
			);
			path = "Handle User Interactions";
			sourceTree = "<group>";
		};
		18330EA2289E22D200549E96 = {
			isa = PBXGroup;
			children = (
				18330EAD289E22D200549E96 /* Swift-Senpai-UICollectionView-SwiftUI */,
				18330EAC289E22D200549E96 /* Products */,
			);
			sourceTree = "<group>";
		};
		18330EAC289E22D200549E96 /* Products */ = {
			isa = PBXGroup;
			children = (
				18330EAB289E22D200549E96 /* Swift-Senpai-UICollectionView-SwiftUI.app */,
			);
			name = Products;
			sourceTree = "<group>";
		};
		18330EAD289E22D200549E96 /* Swift-Senpai-UICollectionView-SwiftUI */ = {
			isa = PBXGroup;
			children = (
				18330EC3289E233A00549E96 /* SwiftUI Custom Cell */,
				18074DFD28A7E25200FDA40A /* Handle User Interactions */,
				18ABA49A28C6204400177E59 /* Refresh Cells Content */,
				18330EAE289E22D200549E96 /* AppDelegate.swift */,
				18330EB0289E22D200549E96 /* SceneDelegate.swift */,
				18330EC6289E26FB00549E96 /* Model.swift */,
				18330EB4289E22D200549E96 /* Main.storyboard */,
				18330EB7289E22D700549E96 /* Assets.xcassets */,
				18330EB9289E22D700549E96 /* LaunchScreen.storyboard */,
				18330EBC289E22D700549E96 /* Info.plist */,
			);
			path = "Swift-Senpai-UICollectionView-SwiftUI";
			sourceTree = "<group>";
		};
		18330EC3289E233A00549E96 /* SwiftUI Custom Cell */ = {
			isa = PBXGroup;
			children = (
				18330EC4289E251300549E96 /* SwiftUICustomCellViewController.swift */,
				18330EC8289E3A9400549E96 /* MyFirstSwiftUICell.swift */,
			);
			path = "SwiftUI Custom Cell";
			sourceTree = "<group>";
		};
		18ABA49A28C6204400177E59 /* Refresh Cells Content */ = {
			isa = PBXGroup;
			children = (
				18ABA49B28C6210400177E59 /* TodoListViewController.swift */,
				18ABA49D28C6211C00177E59 /* TodoListCell.swift */,
			);
			path = "Refresh Cells Content";
			sourceTree = "<group>";
		};
/* End PBXGroup section */

/* Begin PBXNativeTarget section */
		18330EAA289E22D200549E96 /* Swift-Senpai-UICollectionView-SwiftUI */ = {
			isa = PBXNativeTarget;
			buildConfigurationList = 18330EBF289E22D700549E96 /* Build configuration list for PBXNativeTarget "Swift-Senpai-UICollectionView-SwiftUI" */;
			buildPhases = (
				18330EA7289E22D200549E96 /* Sources */,
				18330EA8289E22D200549E96 /* Frameworks */,
				18330EA9289E22D200549E96 /* Resources */,
			);
			buildRules = (
			);
			dependencies = (
			);
			name = "Swift-Senpai-UICollectionView-SwiftUI";
			productName = "Swift-Senpai-UICollectionView-SwiftUI";
			productReference = 18330EAB289E22D200549E96 /* Swift-Senpai-UICollectionView-SwiftUI.app */;
			productType = "com.apple.product-type.application";
		};
/* End PBXNativeTarget section */

/* Begin PBXProject section */
		18330EA3289E22D200549E96 /* Project object */ = {
			isa = PBXProject;
			attributes = {
				BuildIndependentTargetsInParallel = 1;
				LastSwiftUpdateCheck = 1400;
				LastUpgradeCheck = 1400;
				TargetAttributes = {
					18330EAA289E22D200549E96 = {
						CreatedOnToolsVersion = 14.0;
					};
				};
			};
			buildConfigurationList = 18330EA6289E22D200549E96 /* Build configuration list for PBXProject "Swift-Senpai-UICollectionView-SwiftUI" */;
			compatibilityVersion = "Xcode 14.0";
			developmentRegion = en;
			hasScannedForEncodings = 0;
			knownRegions = (
				en,
				Base,
			);
			mainGroup = 18330EA2289E22D200549E96;
			productRefGroup = 18330EAC289E22D200549E96 /* Products */;
			projectDirPath = "";
			projectRoot = "";
			targets = (
				18330EAA289E22D200549E96 /* Swift-Senpai-UICollectionView-SwiftUI */,
			);
		};
/* End PBXProject section */

/* Begin PBXResourcesBuildPhase section */
		18330EA9289E22D200549E96 /* Resources */ = {
			isa = PBXResourcesBuildPhase;
			buildActionMask = 2147483647;
			files = (
				18330EBB289E22D700549E96 /* LaunchScreen.storyboard in Resources */,
				18330EB8289E22D700549E96 /* Assets.xcassets in Resources */,
				18330EB6289E22D200549E96 /* Main.storyboard in Resources */,
			);
			runOnlyForDeploymentPostprocessing = 0;
		};
/* End PBXResourcesBuildPhase section */

/* Begin PBXSourcesBuildPhase section */
		18330EA7289E22D200549E96 /* Sources */ = {
			isa = PBXSourcesBuildPhase;
			buildActionMask = 2147483647;
			files = (
				18ABA49C28C6210400177E59 /* TodoListViewController.swift in Sources */,
				18074DFF28A7E27E00FDA40A /* UserInteractionViewController.swift in Sources */,
				18330EC5289E251300549E96 /* SwiftUICustomCellViewController.swift in Sources */,
				18330EAF289E22D200549E96 /* AppDelegate.swift in Sources */,
				18ABA49E28C6211C00177E59 /* TodoListCell.swift in Sources */,
				18330EB1289E22D200549E96 /* SceneDelegate.swift in Sources */,
				18330EC9289E3A9400549E96 /* MyFirstSwiftUICell.swift in Sources */,
				187F7A8028AA7FCD00A053CF /* UserInteractionCell.swift in Sources */,
				18330EC7289E26FB00549E96 /* Model.swift in Sources */,
			);
			runOnlyForDeploymentPostprocessing = 0;
		};
/* End PBXSourcesBuildPhase section */

/* Begin PBXVariantGroup section */
		18330EB4289E22D200549E96 /* Main.storyboard */ = {
			isa = PBXVariantGroup;
			children = (
				18330EB5289E22D200549E96 /* Base */,
			);
			name = Main.storyboard;
			sourceTree = "<group>";
		};
		18330EB9289E22D700549E96 /* LaunchScreen.storyboard */ = {
			isa = PBXVariantGroup;
			children = (
				18330EBA289E22D700549E96 /* Base */,
			);
			name = LaunchScreen.storyboard;
			sourceTree = "<group>";
		};
/* End PBXVariantGroup section */

/* Begin XCBuildConfiguration section */
		18330EBD289E22D700549E96 /* Debug */ = {
			isa = XCBuildConfiguration;
			buildSettings = {
				ALWAYS_SEARCH_USER_PATHS = NO;
				CLANG_ANALYZER_NONNULL = YES;
				CLANG_ANALYZER_NUMBER_OBJECT_CONVERSION = YES_AGGRESSIVE;
				CLANG_CXX_LANGUAGE_STANDARD = "gnu++20";
				CLANG_ENABLE_MODULES = YES;
				CLANG_ENABLE_OBJC_ARC = YES;
				CLANG_ENABLE_OBJC_WEAK = YES;
				CLANG_WARN_BLOCK_CAPTURE_AUTORELEASING = YES;
				CLANG_WARN_BOOL_CONVERSION = YES;
				CLANG_WARN_COMMA = YES;
				CLANG_WARN_CONSTANT_CONVERSION = YES;
				CLANG_WARN_DEPRECATED_OBJC_IMPLEMENTATIONS = YES;
				CLANG_WARN_DIRECT_OBJC_ISA_USAGE = YES_ERROR;
				CLANG_WARN_DOCUMENTATION_COMMENTS = YES;
				CLANG_WARN_EMPTY_BODY = YES;
				CLANG_WARN_ENUM_CONVERSION = YES;
				CLANG_WARN_INFINITE_RECURSION = YES;
				CLANG_WARN_INT_CONVERSION = YES;
				CLANG_WARN_NON_LITERAL_NULL_CONVERSION = YES;
				CLANG_WARN_OBJC_IMPLICIT_RETAIN_SELF = YES;
				CLANG_WARN_OBJC_LITERAL_CONVERSION = YES;
				CLANG_WARN_OBJC_ROOT_CLASS = YES_ERROR;
				CLANG_WARN_QUOTED_INCLUDE_IN_FRAMEWORK_HEADER = YES;
				CLANG_WARN_RANGE_LOOP_ANALYSIS = YES;
				CLANG_WARN_STRICT_PROTOTYPES = YES;
				CLANG_WARN_SUSPICIOUS_MOVE = YES;
				CLANG_WARN_UNGUARDED_AVAILABILITY = YES_AGGRESSIVE;
				CLANG_WARN_UNREACHABLE_CODE = YES;
				CLANG_WARN__DUPLICATE_METHOD_MATCH = YES;
				COPY_PHASE_STRIP = NO;
				DEBUG_INFORMATION_FORMAT = dwarf;
				ENABLE_STRICT_OBJC_MSGSEND = YES;
				ENABLE_TESTABILITY = YES;
				GCC_C_LANGUAGE_STANDARD = gnu11;
				GCC_DYNAMIC_NO_PIC = NO;
				GCC_NO_COMMON_BLOCKS = YES;
				GCC_OPTIMIZATION_LEVEL = 0;
				GCC_PREPROCESSOR_DEFINITIONS = (
					"DEBUG=1",
					"$(inherited)",
				);
				GCC_WARN_64_TO_32_BIT_CONVERSION = YES;
				GCC_WARN_ABOUT_RETURN_TYPE = YES_ERROR;
				GCC_WARN_UNDECLARED_SELECTOR = YES;
				GCC_WARN_UNINITIALIZED_AUTOS = YES_AGGRESSIVE;
				GCC_WARN_UNUSED_FUNCTION = YES;
				GCC_WARN_UNUSED_VARIABLE = YES;
				IPHONEOS_DEPLOYMENT_TARGET = 16.0;
				MTL_ENABLE_DEBUG_INFO = INCLUDE_SOURCE;
				MTL_FAST_MATH = YES;
				ONLY_ACTIVE_ARCH = YES;
				SDKROOT = iphoneos;
				SWIFT_ACTIVE_COMPILATION_CONDITIONS = DEBUG;
				SWIFT_OPTIMIZATION_LEVEL = "-Onone";
			};
			name = Debug;
		};
		18330EBE289E22D700549E96 /* Release */ = {
			isa = XCBuildConfiguration;
			buildSettings = {
				ALWAYS_SEARCH_USER_PATHS = NO;
				CLANG_ANALYZER_NONNULL = YES;
				CLANG_ANALYZER_NUMBER_OBJECT_CONVERSION = YES_AGGRESSIVE;
				CLANG_CXX_LANGUAGE_STANDARD = "gnu++20";
				CLANG_ENABLE_MODULES = YES;
				CLANG_ENABLE_OBJC_ARC = YES;
				CLANG_ENABLE_OBJC_WEAK = YES;
				CLANG_WARN_BLOCK_CAPTURE_AUTORELEASING = YES;
				CLANG_WARN_BOOL_CONVERSION = YES;
				CLANG_WARN_COMMA = YES;
				CLANG_WARN_CONSTANT_CONVERSION = YES;
				CLANG_WARN_DEPRECATED_OBJC_IMPLEMENTATIONS = YES;
				CLANG_WARN_DIRECT_OBJC_ISA_USAGE = YES_ERROR;
				CLANG_WARN_DOCUMENTATION_COMMENTS = YES;
				CLANG_WARN_EMPTY_BODY = YES;
				CLANG_WARN_ENUM_CONVERSION = YES;
				CLANG_WARN_INFINITE_RECURSION = YES;
				CLANG_WARN_INT_CONVERSION = YES;
				CLANG_WARN_NON_LITERAL_NULL_CONVERSION = YES;
				CLANG_WARN_OBJC_IMPLICIT_RETAIN_SELF = YES;
				CLANG_WARN_OBJC_LITERAL_CONVERSION = YES;
				CLANG_WARN_OBJC_ROOT_CLASS = YES_ERROR;
				CLANG_WARN_QUOTED_INCLUDE_IN_FRAMEWORK_HEADER = YES;
				CLANG_WARN_RANGE_LOOP_ANALYSIS = YES;
				CLANG_WARN_STRICT_PROTOTYPES = YES;
				CLANG_WARN_SUSPICIOUS_MOVE = YES;
				CLANG_WARN_UNGUARDED_AVAILABILITY = YES_AGGRESSIVE;
				CLANG_WARN_UNREACHABLE_CODE = YES;
				CLANG_WARN__DUPLICATE_METHOD_MATCH = YES;
				COPY_PHASE_STRIP = NO;
				DEBUG_INFORMATION_FORMAT = "dwarf-with-dsym";
				ENABLE_NS_ASSERTIONS = NO;
				ENABLE_STRICT_OBJC_MSGSEND = YES;
				GCC_C_LANGUAGE_STANDARD = gnu11;
				GCC_NO_COMMON_BLOCKS = YES;
				GCC_WARN_64_TO_32_BIT_CONVERSION = YES;
				GCC_WARN_ABOUT_RETURN_TYPE = YES_ERROR;
				GCC_WARN_UNDECLARED_SELECTOR = YES;
				GCC_WARN_UNINITIALIZED_AUTOS = YES_AGGRESSIVE;
				GCC_WARN_UNUSED_FUNCTION = YES;
				GCC_WARN_UNUSED_VARIABLE = YES;
				IPHONEOS_DEPLOYMENT_TARGET = 16.0;
				MTL_ENABLE_DEBUG_INFO = NO;
				MTL_FAST_MATH = YES;
				SDKROOT = iphoneos;
				SWIFT_COMPILATION_MODE = wholemodule;
				SWIFT_OPTIMIZATION_LEVEL = "-O";
				VALIDATE_PRODUCT = YES;
			};
			name = Release;
		};
		18330EC0289E22D700549E96 /* Debug */ = {
			isa = XCBuildConfiguration;
			buildSettings = {
				ASSETCATALOG_COMPILER_APPICON_NAME = AppIcon;
				ASSETCATALOG_COMPILER_GLOBAL_ACCENT_COLOR_NAME = AccentColor;
				CODE_SIGN_STYLE = Automatic;
				CURRENT_PROJECT_VERSION = 1;
				DEVELOPMENT_TEAM = QVEMCYHXHL;
				GENERATE_INFOPLIST_FILE = YES;
				INFOPLIST_FILE = "Swift-Senpai-UICollectionView-SwiftUI/Info.plist";
				INFOPLIST_KEY_UIApplicationSupportsIndirectInputEvents = YES;
				INFOPLIST_KEY_UILaunchStoryboardName = LaunchScreen;
				INFOPLIST_KEY_UIMainStoryboardFile = Main;
				INFOPLIST_KEY_UISupportedInterfaceOrientations_iPad = "UIInterfaceOrientationPortrait UIInterfaceOrientationPortraitUpsideDown UIInterfaceOrientationLandscapeLeft UIInterfaceOrientationLandscapeRight";
				INFOPLIST_KEY_UISupportedInterfaceOrientations_iPhone = "UIInterfaceOrientationPortrait UIInterfaceOrientationLandscapeLeft UIInterfaceOrientationLandscapeRight";
				LD_RUNPATH_SEARCH_PATHS = (
					"$(inherited)",
					"@executable_path/Frameworks",
				);
				MARKETING_VERSION = 1.0;
				PRODUCT_BUNDLE_IDENTIFIER = "com.LeeKahSeng.Swift-Senpai-UICollectionView-SwiftUI";
				PRODUCT_NAME = "$(TARGET_NAME)";
				SUPPORTED_PLATFORMS = "iphoneos iphonesimulator";
				SUPPORTS_MACCATALYST = NO;
				SUPPORTS_MAC_DESIGNED_FOR_IPHONE_IPAD = NO;
				SWIFT_EMIT_LOC_STRINGS = YES;
				SWIFT_VERSION = 5.0;
				TARGETED_DEVICE_FAMILY = 1;
			};
			name = Debug;
		};
		18330EC1289E22D700549E96 /* Release */ = {
			isa = XCBuildConfiguration;
			buildSettings = {
				ASSETCATALOG_COMPILER_APPICON_NAME = AppIcon;
				ASSETCATALOG_COMPILER_GLOBAL_ACCENT_COLOR_NAME = AccentColor;
				CODE_SIGN_STYLE = Automatic;
				CURRENT_PROJECT_VERSION = 1;
				DEVELOPMENT_TEAM = QVEMCYHXHL;
				GENERATE_INFOPLIST_FILE = YES;
				INFOPLIST_FILE = "Swift-Senpai-UICollectionView-SwiftUI/Info.plist";
				INFOPLIST_KEY_UIApplicationSupportsIndirectInputEvents = YES;
				INFOPLIST_KEY_UILaunchStoryboardName = LaunchScreen;
				INFOPLIST_KEY_UIMainStoryboardFile = Main;
				INFOPLIST_KEY_UISupportedInterfaceOrientations_iPad = "UIInterfaceOrientationPortrait UIInterfaceOrientationPortraitUpsideDown UIInterfaceOrientationLandscapeLeft UIInterfaceOrientationLandscapeRight";
				INFOPLIST_KEY_UISupportedInterfaceOrientations_iPhone = "UIInterfaceOrientationPortrait UIInterfaceOrientationLandscapeLeft UIInterfaceOrientationLandscapeRight";
				LD_RUNPATH_SEARCH_PATHS = (
					"$(inherited)",
					"@executable_path/Frameworks",
				);
				MARKETING_VERSION = 1.0;
				PRODUCT_BUNDLE_IDENTIFIER = "com.LeeKahSeng.Swift-Senpai-UICollectionView-SwiftUI";
				PRODUCT_NAME = "$(TARGET_NAME)";
				SUPPORTED_PLATFORMS = "iphoneos iphonesimulator";
				SUPPORTS_MACCATALYST = NO;
				SUPPORTS_MAC_DESIGNED_FOR_IPHONE_IPAD = NO;
				SWIFT_EMIT_LOC_STRINGS = YES;
				SWIFT_VERSION = 5.0;
				TARGETED_DEVICE_FAMILY = 1;
			};
			name = Release;
		};
/* End XCBuildConfiguration section */

/* Begin XCConfigurationList section */
		18330EA6289E22D200549E96 /* Build configuration list for PBXProject "Swift-Senpai-UICollectionView-SwiftUI" */ = {
			isa = XCConfigurationList;
			buildConfigurations = (
				18330EBD289E22D700549E96 /* Debug */,
				18330EBE289E22D700549E96 /* Release */,
			);
			defaultConfigurationIsVisible = 0;
			defaultConfigurationName = Release;
		};
		18330EBF289E22D700549E96 /* Build configuration list for PBXNativeTarget "Swift-Senpai-UICollectionView-SwiftUI" */ = {
			isa = XCConfigurationList;
			buildConfigurations = (
				18330EC0289E22D700549E96 /* Debug */,
				18330EC1289E22D700549E96 /* Release */,
			);
			defaultConfigurationIsVisible = 0;
			defaultConfigurationName = Release;
		};
/* End XCConfigurationList section */
	};
	rootObject = 18330EA3289E22D200549E96 /* Project object */;
}
